lockfileVersion: '9.0'

settings:
  autoInstallPeers: true
  excludeLinksFromLockfile: false

importers:

  .:
    dependencies:
      dotenv:
        specifier: ^16.4.5
        version: 16.4.5
      speakeasy:
        specifier: ^2.0.0
        version: 2.0.0

packages:

  base32.js@0.0.1:
    resolution: {integrity: sha512-EGHIRiegFa62/SsA1J+Xs2tIzludPdzM064N9wjbiEgHnGnJ1V0WEpA4pEwCYT5nDvZk3ubf0shqaCS7k6xeUQ==}

  dotenv@16.4.5:
    resolution: {integrity: sha512-ZmdL2rui+eB2YwhsWzjInR8LldtZHGDoQ1ugH85ppHKwpUHL7j7rN0Ti9NCnGiQbhaZ11FpR+7ao1dNsmduNUg==}
    engines: {node: '>=12'}

  speakeasy@2.0.0:
    resolution: {integrity: sha512-lW2A2s5LKi8rwu77ewisuUOtlCydF/hmQSOJjpTqTj1gZLkNgTaYnyvfxy2WBr4T/h+9c4g8HIITfj83OkFQFw==}
    engines: {node: '>= 0.10.0'}

snapshots:

  base32.js@0.0.1: {}

  dotenv@16.4.5: {}

  speakeasy@2.0.0:
    dependencies:
      base32.js: 0.0.1
